
Microsoft Visual Studio Solution File, Format Version 12.00
# Visual Studio Version 17
VisualStudioVersion = 17.1.32319.34
MinimumVisualStudioVersion = 10.0.40219.1
Project("{9A19103F-16F7-4668-BE54-9A1E7A4F7556}") = "BuildWithMigraDoc", "BuildWithMigraDoc\BuildWithMigraDoc.csproj", "{FF336C83-C2A7-4ECA-94EA-0CE52FA2FB86}"
EndProject
Project("{2150E333-8FDC-42A3-9474-1A3956D46DE8}") = "SupportFiles", "SupportFiles", "{CAF9CC13-E58E-4CB0-BBE7-4E69F33D2AA5}"
	ProjectSection(SolutionItems) = preProject
		SupportFiles\HelloWorld.pdf = SupportFiles\HelloWorld.pdf
	EndProjectSection
EndProject
Global
	GlobalSection(SolutionConfigurationPlatforms) = preSolution
		Debug|Any CPU = Debug|Any CPU
		Release|Any CPU = Release|Any CPU
	EndGlobalSection
	GlobalSection(ProjectConfigurationPlatforms) = postSolution
		{FF336C83-C2A7-4ECA-94EA-0CE52FA2FB86}.Debug|Any CPU.ActiveCfg = Debug|Any CPU
		{FF336C83-C2A7-4ECA-94EA-0CE52FA2FB86}.Debug|Any CPU.Build.0 = Debug|Any CPU
		{FF336C83-C2A7-4ECA-94EA-0CE52FA2FB86}.Release|Any CPU.ActiveCfg = Release|Any CPU
		{FF336C83-C2A7-4ECA-94EA-0CE52FA2FB86}.Release|Any CPU.Build.0 = Release|Any CPU
	EndGlobalSection
	GlobalSection(SolutionProperties) = preSolution
		HideSolutionNode = FALSE
	EndGlobalSection
	GlobalSection(ExtensibilityGlobals) = postSolution
		SolutionGuid = {47BFD374-A4F2-4C56-9DCA-43EF9E21C442}
	EndGlobalSection
EndGlobal
